
Microsoft Visual Studio Solution File, Format Version 12.00
# Visual Studio Version 16
VisualStudioVersion = 16.0.32802.440
MinimumVisualStudioVersion = 10.0.40219.1
Project("{F184B08F-C81C-45F6-A57F-5ABD9991F28F}") = "JAS Just Kidding", "JAS Just Kidding.vbproj", "{39D7068E-7BFA-45B0-A226-8EE85DA6BBD2}"
EndProject
Project("{F184B08F-C81C-45F6-A57F-5ABD9991F28F}") = "JASRPAFunctions", "..\JASRPAFunctions\JASRPAFunctions.vbproj", "{2129AFCE-5CD0-4E31-A7AD-FCF4C387F7CB}"
EndProject
Global
	GlobalSection(SolutionConfigurationPlatforms) = preSolution
		Debug|Any CPU = Debug|Any CPU
		Release|Any CPU = Release|Any CPU
	EndGlobalSection
	GlobalSection(ProjectConfigurationPlatforms) = postSolution
		{39D7068E-7BFA-45B0-A226-8EE85DA6BBD2}.Debug|Any CPU.ActiveCfg = Debug|Any CPU
		{39D7068E-7BFA-45B0-A226-8EE85DA6BBD2}.Debug|Any CPU.Build.0 = Debug|Any CPU
		{39D7068E-7BFA-45B0-A226-8EE85DA6BBD2}.Release|Any CPU.ActiveCfg = Release|Any CPU
		{39D7068E-7BFA-45B0-A226-8EE85DA6BBD2}.Release|Any CPU.Build.0 = Release|Any CPU
		{2129AFCE-5CD0-4E31-A7AD-FCF4C387F7CB}.Debug|Any CPU.ActiveCfg = Debug|Any CPU
		{2129AFCE-5CD0-4E31-A7AD-FCF4C387F7CB}.Debug|Any CPU.Build.0 = Debug|Any CPU
		{2129AFCE-5CD0-4E31-A7AD-FCF4C387F7CB}.Release|Any CPU.ActiveCfg = Release|Any CPU
		{2129AFCE-5CD0-4E31-A7AD-FCF4C387F7CB}.Release|Any CPU.Build.0 = Release|Any CPU
	EndGlobalSection
	GlobalSection(SolutionProperties) = preSolution
		HideSolutionNode = FALSE
	EndGlobalSection
	GlobalSection(ExtensibilityGlobals) = postSolution
		SolutionGuid = {89701F23-E489-4FBB-823C-5F85CEA119DE}
	EndGlobalSection
EndGlobal
